
Microsoft Visual Studio Solution File, Format Version 12.00
# Visual Studio Version 17
VisualStudioVersion = 17.1.32328.378
MinimumVisualStudioVersion = 10.0.40219.1
Project("{FAE04EC0-301F-11D3-BF4B-00C04F79EFBC}") = "GDI-Dog", "GDI-Dog\GDI-Dog.csproj", "{C75EFAAC-BE2E-4AF7-A11F-841626477EFD}"
EndProject
Global
	GlobalSection(SolutionConfigurationPlatforms) = preSolution
		Debug|Any CPU = Debug|Any CPU
		Release|Any CPU = Release|Any CPU
	EndGlobalSection
	GlobalSection(ProjectConfigurationPlatforms) = postSolution
		{C75EFAAC-BE2E-4AF7-A11F-841626477EFD}.Debug|Any CPU.ActiveCfg = Debug|Any CPU
		{C75EFAAC-BE2E-4AF7-A11F-841626477EFD}.Debug|Any CPU.Build.0 = Debug|Any CPU
		{C75EFAAC-BE2E-4AF7-A11F-841626477EFD}.Release|Any CPU.ActiveCfg = Release|Any CPU
		{C75EFAAC-BE2E-4AF7-A11F-841626477EFD}.Release|Any CPU.Build.0 = Release|Any CPU
	EndGlobalSection
	GlobalSection(SolutionProperties) = preSolution
		HideSolutionNode = FALSE
	EndGlobalSection
	GlobalSection(ExtensibilityGlobals) = postSolution
		SolutionGuid = {119BC47D-4A1B-41BD-8DC6-19B607C37993}
	EndGlobalSection
EndGlobal
